
Microsoft Visual Studio Solution File, Format Version 12.00
# Visual Studio 15
VisualStudioVersion = 15.0.28307.572
MinimumVisualStudioVersion = 10.0.40219.1
Project("{FAE04EC0-301F-11D3-BF4B-00C04F79EFBC}") = "餐廳管理系統", "餐廳管理系統\餐廳管理系統.csproj", "{C977070D-DEAD-4593-95E9-2393429950DB}"
EndProject
Global
	GlobalSection(SolutionConfigurationPlatforms) = preSolution
		Debug|Any CPU = Debug|Any CPU
		Release|Any CPU = Release|Any CPU
	EndGlobalSection
	GlobalSection(ProjectConfigurationPlatforms) = postSolution
		{C977070D-DEAD-4593-95E9-2393429950DB}.Debug|Any CPU.ActiveCfg = Debug|Any CPU
		{C977070D-DEAD-4593-95E9-2393429950DB}.Debug|Any CPU.Build.0 = Debug|Any CPU
		{C977070D-DEAD-4593-95E9-2393429950DB}.Release|Any CPU.ActiveCfg = Release|Any CPU
		{C977070D-DEAD-4593-95E9-2393429950DB}.Release|Any CPU.Build.0 = Release|Any CPU
	EndGlobalSection
	GlobalSection(SolutionProperties) = preSolution
		HideSolutionNode = FALSE
	EndGlobalSection
	GlobalSection(ExtensibilityGlobals) = postSolution
		SolutionGuid = {A8591783-CFC3-4FDA-8F35-B32E0CFE4A62}
	EndGlobalSection
EndGlobal
